// !$*UTF8*$!
{
	archiveVersion = 1;
	classes = {
	};
	objectVersion = 55;
	objects = {

/* Begin PBXBuildFile section */
		78080AE727A831BF0043461C /* AppDelegate.swift in Sources */ = {isa = PBXBuildFile; fileRef = 78080AE627A831BF0043461C /* AppDelegate.swift */; };
		78080AE927A831BF0043461C /* SceneDelegate.swift in Sources */ = {isa = PBXBuildFile; fileRef = 78080AE827A831BF0043461C /* SceneDelegate.swift */; };
		78080AEB27A831BF0043461C /* MainTapController.swift in Sources */ = {isa = PBXBuildFile; fileRef = 78080AEA27A831BF0043461C /* MainTapController.swift */; };
		78080AF027A831C20043461C /* Assets.xcassets in Resources */ = {isa = PBXBuildFile; fileRef = 78080AEF27A831C20043461C /* Assets.xcassets */; };
		78080AF327A831C20043461C /* LaunchScreen.storyboard in Resources */ = {isa = PBXBuildFile; fileRef = 78080AF127A831C20043461C /* LaunchScreen.storyboard */; };
		78080AFB27A835A40043461C /* FeedController.swift in Sources */ = {isa = PBXBuildFile; fileRef = 78080AFA27A835A40043461C /* FeedController.swift */; };
		78080AFD27A835BE0043461C /* ReservationController.swift in Sources */ = {isa = PBXBuildFile; fileRef = 78080AFC27A835BE0043461C /* ReservationController.swift */; };
		78080AFF27A835CF0043461C /* PostStep1Controller.swift in Sources */ = {isa = PBXBuildFile; fileRef = 78080AFE27A835CF0043461C /* PostStep1Controller.swift */; };
		78080B0127A835DC0043461C /* ChatController.swift in Sources */ = {isa = PBXBuildFile; fileRef = 78080B0027A835DC0043461C /* ChatController.swift */; };
		78080B0327A835E50043461C /* ProfileListController.swift in Sources */ = {isa = PBXBuildFile; fileRef = 78080B0227A835E50043461C /* ProfileListController.swift */; };
		78080B0627AA61560043461C /* SearchController.swift in Sources */ = {isa = PBXBuildFile; fileRef = 78080B0527AA61560043461C /* SearchController.swift */; };
		78080B0B27AA7F690043461C /* FilterController.swift in Sources */ = {isa = PBXBuildFile; fileRef = 78080B0A27AA7F690043461C /* FilterController.swift */; };
		78131F5E27ABFB990003B9F8 /* ProfileListCell.swift in Sources */ = {isa = PBXBuildFile; fileRef = 78131F5D27ABFB990003B9F8 /* ProfileListCell.swift */; };
		78131F6127AC248C0003B9F8 /* OwnerProfileController.swift in Sources */ = {isa = PBXBuildFile; fileRef = 78131F6027AC248C0003B9F8 /* OwnerProfileController.swift */; };
		78131F6427AC25F60003B9F8 /* Extensions.swift in Sources */ = {isa = PBXBuildFile; fileRef = 78131F6327AC25F60003B9F8 /* Extensions.swift */; };
		78131F6627AC39A40003B9F8 /* CertificationCell.swift in Sources */ = {isa = PBXBuildFile; fileRef = 78131F6527AC39A40003B9F8 /* CertificationCell.swift */; };
		78131F8827AD1B820003B9F8 /* AddCertificationController.swift in Sources */ = {isa = PBXBuildFile; fileRef = 78131F8727AD1B820003B9F8 /* AddCertificationController.swift */; };
		78131F8A27AD22320003B9F8 /* Utilities.swift in Sources */ = {isa = PBXBuildFile; fileRef = 78131F8927AD22320003B9F8 /* Utilities.swift */; };
		78131F8D27AD6E820003B9F8 /* PetProfileController.swift in Sources */ = {isa = PBXBuildFile; fileRef = 78131F8C27AD6E820003B9F8 /* PetProfileController.swift */; };
		78131F9127AE49540003B9F8 /* EditOwnerProfileController.swift in Sources */ = {isa = PBXBuildFile; fileRef = 78131F9027AE49540003B9F8 /* EditOwnerProfileController.swift */; };
		78131F9527AEADF80003B9F8 /* ReviewsController.swift in Sources */ = {isa = PBXBuildFile; fileRef = 78131F9427AEADF80003B9F8 /* ReviewsController.swift */; };
		78131F9727AEAE150003B9F8 /* ReviewCell.swift in Sources */ = {isa = PBXBuildFile; fileRef = 78131F9627AEAE150003B9F8 /* ReviewCell.swift */; };
		78131F9927AF9D320003B9F8 /* EditPetProfileController.swift in Sources */ = {isa = PBXBuildFile; fileRef = 78131F9827AF9D310003B9F8 /* EditPetProfileController.swift */; };
		78131F9D27AFB83F0003B9F8 /* LoginController.swift in Sources */ = {isa = PBXBuildFile; fileRef = 78131F9C27AFB83F0003B9F8 /* LoginController.swift */; };
		78131F9F27B0E8980003B9F8 /* OwnerProfileHeader.swift in Sources */ = {isa = PBXBuildFile; fileRef = 78131F9E27B0E8980003B9F8 /* OwnerProfileHeader.swift */; };
		78131FD427B2911C0003B9F8 /* OnwerProfileFooter.swift in Sources */ = {isa = PBXBuildFile; fileRef = 78131FD327B2911C0003B9F8 /* OnwerProfileFooter.swift */; };
		78131FD627B3A46B0003B9F8 /* RatingView.swift in Sources */ = {isa = PBXBuildFile; fileRef = 78131FD527B3A46B0003B9F8 /* RatingView.swift */; };
		78131FD827B4F7ED0003B9F8 /* EditOwnerProfileHeader.swift in Sources */ = {isa = PBXBuildFile; fileRef = 78131FD727B4F7ED0003B9F8 /* EditOwnerProfileHeader.swift */; };
		786321EF27BCC55C0026D410 /* SteppedProgressBar.swift in Sources */ = {isa = PBXBuildFile; fileRef = 786321EE27BCC55C0026D410 /* SteppedProgressBar.swift */; };
		789DABD227BCD6A400084742 /* PostFeedCell.swift in Sources */ = {isa = PBXBuildFile; fileRef = 789DABD127BCD6A400084742 /* PostFeedCell.swift */; };
		789DABD427BCDB8200084742 /* PostStep2Controller.swift in Sources */ = {isa = PBXBuildFile; fileRef = 789DABD327BCDB8200084742 /* PostStep2Controller.swift */; };
		78A8EF1627B6575400B67C70 /* AddReviewController.swift in Sources */ = {isa = PBXBuildFile; fileRef = 78A8EF1527B6575400B67C70 /* AddReviewController.swift */; };
		78A8EF1827B6759D00B67C70 /* ReviewPhotoCell.swift in Sources */ = {isa = PBXBuildFile; fileRef = 78A8EF1727B6759D00B67C70 /* ReviewPhotoCell.swift */; };
		78A8EF1B27B6A72300B67C70 /* RegisterController.swift in Sources */ = {isa = PBXBuildFile; fileRef = 78A8EF1A27B6A72300B67C70 /* RegisterController.swift */; };
		78A8EF1D27B7E2D600B67C70 /* MyPetsController.swift in Sources */ = {isa = PBXBuildFile; fileRef = 78A8EF1C27B7E2D600B67C70 /* MyPetsController.swift */; };
		78A8EF1F27B7E30A00B67C70 /* MyPetCell.swift in Sources */ = {isa = PBXBuildFile; fileRef = 78A8EF1E27B7E30A00B67C70 /* MyPetCell.swift */; };
		78A8EF2127B95CEF00B67C70 /* FollowedCaresController.swift in Sources */ = {isa = PBXBuildFile; fileRef = 78A8EF2027B95CEE00B67C70 /* FollowedCaresController.swift */; };
		78A8EF2327B95D1700B67C70 /* FollowedCareCell.swift in Sources */ = {isa = PBXBuildFile; fileRef = 78A8EF2227B95D1700B67C70 /* FollowedCareCell.swift */; };
		78A8EF2527B9747E00B67C70 /* FollowedPostCell.swift in Sources */ = {isa = PBXBuildFile; fileRef = 78A8EF2427B9747E00B67C70 /* FollowedPostCell.swift */; };
		78A8EF2727BA160A00B67C70 /* FollowedPostsController.swift in Sources */ = {isa = PBXBuildFile; fileRef = 78A8EF2627BA160A00B67C70 /* FollowedPostsController.swift */; };
		A881FCD7F1CD861940790D92 /* Pods_withpet_iOS.framework in Frameworks */ = {isa = PBXBuildFile; fileRef = B8BA771D41A1C0A8D7041F44 /* Pods_withpet_iOS.framework */; };
/* End PBXBuildFile section */

/* Begin PBXFileReference section */
		098C467463A208CD2D8C99E8 /* Pods-withpet_iOS.debug.xcconfig */ = {isa = PBXFileReference; includeInIndex = 1; lastKnownFileType = text.xcconfig; name = "Pods-withpet_iOS.debug.xcconfig"; path = "Target Support Files/Pods-withpet_iOS/Pods-withpet_iOS.debug.xcconfig"; sourceTree = "<group>"; };
		78080AE327A831BF0043461C /* withpet_iOS.app */ = {isa = PBXFileReference; explicitFileType = wrapper.application; includeInIndex = 0; path = withpet_iOS.app; sourceTree = BUILT_PRODUCTS_DIR; };
		78080AE627A831BF0043461C /* AppDelegate.swift */ = {isa = PBXFileReference; lastKnownFileType = sourcecode.swift; path = AppDelegate.swift; sourceTree = "<group>"; };
		78080AE827A831BF0043461C /* SceneDelegate.swift */ = {isa = PBXFileReference; lastKnownFileType = sourcecode.swift; path = SceneDelegate.swift; sourceTree = "<group>"; };
		78080AEA27A831BF0043461C /* MainTapController.swift */ = {isa = PBXFileReference; lastKnownFileType = sourcecode.swift; path = MainTapController.swift; sourceTree = "<group>"; };
		78080AEF27A831C20043461C /* Assets.xcassets */ = {isa = PBXFileReference; lastKnownFileType = folder.assetcatalog; path = Assets.xcassets; sourceTree = "<group>"; };
		78080AF227A831C20043461C /* Base */ = {isa = PBXFileReference; lastKnownFileType = file.storyboard; name = Base; path = Base.lproj/LaunchScreen.storyboard; sourceTree = "<group>"; };
		78080AF427A831C20043461C /* Info.plist */ = {isa = PBXFileReference; lastKnownFileType = text.plist.xml; path = Info.plist; sourceTree = "<group>"; };
		78080AFA27A835A40043461C /* FeedController.swift */ = {isa = PBXFileReference; lastKnownFileType = sourcecode.swift; path = FeedController.swift; sourceTree = "<group>"; };
		78080AFC27A835BE0043461C /* ReservationController.swift */ = {isa = PBXFileReference; lastKnownFileType = sourcecode.swift; path = ReservationController.swift; sourceTree = "<group>"; };
		78080AFE27A835CF0043461C /* PostStep1Controller.swift */ = {isa = PBXFileReference; lastKnownFileType = sourcecode.swift; path = PostStep1Controller.swift; sourceTree = "<group>"; };
		78080B0027A835DC0043461C /* ChatController.swift */ = {isa = PBXFileReference; lastKnownFileType = sourcecode.swift; path = ChatController.swift; sourceTree = "<group>"; };
		78080B0227A835E50043461C /* ProfileListController.swift */ = {isa = PBXFileReference; lastKnownFileType = sourcecode.swift; path = ProfileListController.swift; sourceTree = "<group>"; };
		78080B0527AA61560043461C /* SearchController.swift */ = {isa = PBXFileReference; lastKnownFileType = sourcecode.swift; path = SearchController.swift; sourceTree = "<group>"; };
		78080B0A27AA7F690043461C /* FilterController.swift */ = {isa = PBXFileReference; lastKnownFileType = sourcecode.swift; path = FilterController.swift; sourceTree = "<group>"; };
		78131F5D27ABFB990003B9F8 /* ProfileListCell.swift */ = {isa = PBXFileReference; lastKnownFileType = sourcecode.swift; path = ProfileListCell.swift; sourceTree = "<group>"; };
		78131F6027AC248C0003B9F8 /* OwnerProfileController.swift */ = {isa = PBXFileReference; lastKnownFileType = sourcecode.swift; path = OwnerProfileController.swift; sourceTree = "<group>"; };
		78131F6327AC25F60003B9F8 /* Extensions.swift */ = {isa = PBXFileReference; lastKnownFileType = sourcecode.swift; path = Extensions.swift; sourceTree = "<group>"; };
		78131F6527AC39A40003B9F8 /* CertificationCell.swift */ = {isa = PBXFileReference; lastKnownFileType = sourcecode.swift; path = CertificationCell.swift; sourceTree = "<group>"; };
		78131F8727AD1B820003B9F8 /* AddCertificationController.swift */ = {isa = PBXFileReference; lastKnownFileType = sourcecode.swift; path = AddCertificationController.swift; sourceTree = "<group>"; };
		78131F8927AD22320003B9F8 /* Utilities.swift */ = {isa = PBXFileReference; lastKnownFileType = sourcecode.swift; path = Utilities.swift; sourceTree = "<group>"; };
		78131F8C27AD6E820003B9F8 /* PetProfileController.swift */ = {isa = PBXFileReference; lastKnownFileType = sourcecode.swift; path = PetProfileController.swift; sourceTree = "<group>"; };
		78131F9027AE49540003B9F8 /* EditOwnerProfileController.swift */ = {isa = PBXFileReference; lastKnownFileType = sourcecode.swift; path = EditOwnerProfileController.swift; sourceTree = "<group>"; };
		78131F9427AEADF80003B9F8 /* ReviewsController.swift */ = {isa = PBXFileReference; lastKnownFileType = sourcecode.swift; path = ReviewsController.swift; sourceTree = "<group>"; };
		78131F9627AEAE150003B9F8 /* ReviewCell.swift */ = {isa = PBXFileReference; lastKnownFileType = sourcecode.swift; path = ReviewCell.swift; sourceTree = "<group>"; };
		78131F9827AF9D310003B9F8 /* EditPetProfileController.swift */ = {isa = PBXFileReference; lastKnownFileType = sourcecode.swift; path = EditPetProfileController.swift; sourceTree = "<group>"; };
		78131F9C27AFB83F0003B9F8 /* LoginController.swift */ = {isa = PBXFileReference; lastKnownFileType = sourcecode.swift; path = LoginController.swift; sourceTree = "<group>"; };
		78131F9E27B0E8980003B9F8 /* OwnerProfileHeader.swift */ = {isa = PBXFileReference; lastKnownFileType = sourcecode.swift; path = OwnerProfileHeader.swift; sourceTree = "<group>"; };
		78131FD327B2911C0003B9F8 /* OnwerProfileFooter.swift */ = {isa = PBXFileReference; lastKnownFileType = sourcecode.swift; path = OnwerProfileFooter.swift; sourceTree = "<group>"; };
		78131FD527B3A46B0003B9F8 /* RatingView.swift */ = {isa = PBXFileReference; lastKnownFileType = sourcecode.swift; path = RatingView.swift; sourceTree = "<group>"; };
		78131FD727B4F7ED0003B9F8 /* EditOwnerProfileHeader.swift */ = {isa = PBXFileReference; lastKnownFileType = sourcecode.swift; path = EditOwnerProfileHeader.swift; sourceTree = "<group>"; };
		786321EE27BCC55C0026D410 /* SteppedProgressBar.swift */ = {isa = PBXFileReference; lastKnownFileType = sourcecode.swift; path = SteppedProgressBar.swift; sourceTree = "<group>"; };
		789DABD127BCD6A400084742 /* PostFeedCell.swift */ = {isa = PBXFileReference; lastKnownFileType = sourcecode.swift; path = PostFeedCell.swift; sourceTree = "<group>"; };
		789DABD327BCDB8200084742 /* PostStep2Controller.swift */ = {isa = PBXFileReference; lastKnownFileType = sourcecode.swift; path = PostStep2Controller.swift; sourceTree = "<group>"; };
		78A8EF1527B6575400B67C70 /* AddReviewController.swift */ = {isa = PBXFileReference; lastKnownFileType = sourcecode.swift; path = AddReviewController.swift; sourceTree = "<group>"; };
		78A8EF1727B6759D00B67C70 /* ReviewPhotoCell.swift */ = {isa = PBXFileReference; lastKnownFileType = sourcecode.swift; path = ReviewPhotoCell.swift; sourceTree = "<group>"; };
		78A8EF1A27B6A72300B67C70 /* RegisterController.swift */ = {isa = PBXFileReference; lastKnownFileType = sourcecode.swift; path = RegisterController.swift; sourceTree = "<group>"; };
		78A8EF1C27B7E2D600B67C70 /* MyPetsController.swift */ = {isa = PBXFileReference; lastKnownFileType = sourcecode.swift; path = MyPetsController.swift; sourceTree = "<group>"; };
		78A8EF1E27B7E30A00B67C70 /* MyPetCell.swift */ = {isa = PBXFileReference; lastKnownFileType = sourcecode.swift; path = MyPetCell.swift; sourceTree = "<group>"; };
		78A8EF2027B95CEE00B67C70 /* FollowedCaresController.swift */ = {isa = PBXFileReference; lastKnownFileType = sourcecode.swift; path = FollowedCaresController.swift; sourceTree = "<group>"; };
		78A8EF2227B95D1700B67C70 /* FollowedCareCell.swift */ = {isa = PBXFileReference; lastKnownFileType = sourcecode.swift; path = FollowedCareCell.swift; sourceTree = "<group>"; };
		78A8EF2427B9747E00B67C70 /* FollowedPostCell.swift */ = {isa = PBXFileReference; lastKnownFileType = sourcecode.swift; path = FollowedPostCell.swift; sourceTree = "<group>"; };
		78A8EF2627BA160A00B67C70 /* FollowedPostsController.swift */ = {isa = PBXFileReference; lastKnownFileType = sourcecode.swift; path = FollowedPostsController.swift; sourceTree = "<group>"; };
		B8BA771D41A1C0A8D7041F44 /* Pods_withpet_iOS.framework */ = {isa = PBXFileReference; explicitFileType = wrapper.framework; includeInIndex = 0; path = Pods_withpet_iOS.framework; sourceTree = BUILT_PRODUCTS_DIR; };
		B999708DD4F9F15E78E5B7B3 /* Pods-withpet_iOS.release.xcconfig */ = {isa = PBXFileReference; includeInIndex = 1; lastKnownFileType = text.xcconfig; name = "Pods-withpet_iOS.release.xcconfig"; path = "Target Support Files/Pods-withpet_iOS/Pods-withpet_iOS.release.xcconfig"; sourceTree = "<group>"; };
/* End PBXFileReference section */

/* Begin PBXFrameworksBuildPhase section */
		78080AE027A831BF0043461C /* Frameworks */ = {
			isa = PBXFrameworksBuildPhase;
			buildActionMask = 2147483647;
			files = (
				A881FCD7F1CD861940790D92 /* Pods_withpet_iOS.framework in Frameworks */,
			);
			runOnlyForDeploymentPostprocessing = 0;
		};
/* End PBXFrameworksBuildPhase section */

/* Begin PBXGroup section */
		2DF36E5F729F0770B00170F9 /* Pods */ = {
			isa = PBXGroup;
			children = (
				098C467463A208CD2D8C99E8 /* Pods-withpet_iOS.debug.xcconfig */,
				B999708DD4F9F15E78E5B7B3 /* Pods-withpet_iOS.release.xcconfig */,
			);
			path = Pods;
			sourceTree = "<group>";
		};
		78080ADA27A831BF0043461C = {
			isa = PBXGroup;
			children = (
				78080AE527A831BF0043461C /* withpet_iOS */,
				78080AE427A831BF0043461C /* Products */,
				2DF36E5F729F0770B00170F9 /* Pods */,
				F5CDC302377CE6D4959A56FA /* Frameworks */,
			);
			sourceTree = "<group>";
		};
		78080AE427A831BF0043461C /* Products */ = {
			isa = PBXGroup;
			children = (
				78080AE327A831BF0043461C /* withpet_iOS.app */,
			);
			name = Products;
			sourceTree = "<group>";
		};
		78080AE527A831BF0043461C /* withpet_iOS */ = {
			isa = PBXGroup;
			children = (
				78080AE627A831BF0043461C /* AppDelegate.swift */,
				78080AE827A831BF0043461C /* SceneDelegate.swift */,
				78080B0927AA6A390043461C /* View */,
				78080B0427A835ED0043461C /* Controller */,
				78131F6227AC25DA0003B9F8 /* Utilities */,
				78080AEF27A831C20043461C /* Assets.xcassets */,
				78080AF127A831C20043461C /* LaunchScreen.storyboard */,
				78080AF427A831C20043461C /* Info.plist */,
			);
			path = withpet_iOS;
			sourceTree = "<group>";
		};
		78080B0427A835ED0043461C /* Controller */ = {
			isa = PBXGroup;
			children = (
				78131F8B27AD44B40003B9F8 /* Authentication */,
				78080AEA27A831BF0043461C /* MainTapController.swift */,
				78080AFA27A835A40043461C /* FeedController.swift */,
				78080B0A27AA7F690043461C /* FilterController.swift */,
				78080B0527AA61560043461C /* SearchController.swift */,
				78080AFC27A835BE0043461C /* ReservationController.swift */,
				786321ED27BCC4D30026D410 /* Post */,
				78080B0027A835DC0043461C /* ChatController.swift */,
				78131F5F27AC24580003B9F8 /* Profile */,
				78A8EF1927B67F4F00B67C70 /* Review */,
			);
			path = Controller;
			sourceTree = "<group>";
		};
		78080B0927AA6A390043461C /* View */ = {
			isa = PBXGroup;
			children = (
				786321EE27BCC55C0026D410 /* SteppedProgressBar.swift */,
				789DABD127BCD6A400084742 /* PostFeedCell.swift */,
				78A8EF2A27BA78F300B67C70 /* Review */,
				78131FCA27B194760003B9F8 /* Profile */,
			);
			path = View;
			sourceTree = "<group>";
		};
		78131F5F27AC24580003B9F8 /* Profile */ = {
			isa = PBXGroup;
			children = (
				78080B0227A835E50043461C /* ProfileListController.swift */,
				78131F9027AE49540003B9F8 /* EditOwnerProfileController.swift */,
				78A8EF1C27B7E2D600B67C70 /* MyPetsController.swift */,
				78131F9827AF9D310003B9F8 /* EditPetProfileController.swift */,
				78A8EF2027B95CEE00B67C70 /* FollowedCaresController.swift */,
				78A8EF2627BA160A00B67C70 /* FollowedPostsController.swift */,
				78131F6027AC248C0003B9F8 /* OwnerProfileController.swift */,
				78131F8727AD1B820003B9F8 /* AddCertificationController.swift */,
				78131F8C27AD6E820003B9F8 /* PetProfileController.swift */,
			);
			path = Profile;
			sourceTree = "<group>";
		};
		78131F6227AC25DA0003B9F8 /* Utilities */ = {
			isa = PBXGroup;
			children = (
				78131F6327AC25F60003B9F8 /* Extensions.swift */,
				78131F8927AD22320003B9F8 /* Utilities.swift */,
			);
			path = Utilities;
			sourceTree = "<group>";
		};
		78131F8B27AD44B40003B9F8 /* Authentication */ = {
			isa = PBXGroup;
			children = (
				78131F9C27AFB83F0003B9F8 /* LoginController.swift */,
				78A8EF1A27B6A72300B67C70 /* RegisterController.swift */,
			);
			path = Authentication;
			sourceTree = "<group>";
		};
		78131FCA27B194760003B9F8 /* Profile */ = {
			isa = PBXGroup;
			children = (
				78131F5D27ABFB990003B9F8 /* ProfileListCell.swift */,
				78131F9E27B0E8980003B9F8 /* OwnerProfileHeader.swift */,
				78131FD327B2911C0003B9F8 /* OnwerProfileFooter.swift */,
				78131F6527AC39A40003B9F8 /* CertificationCell.swift */,
				78131FD727B4F7ED0003B9F8 /* EditOwnerProfileHeader.swift */,
				78A8EF1E27B7E30A00B67C70 /* MyPetCell.swift */,
				78A8EF2227B95D1700B67C70 /* FollowedCareCell.swift */,
				78A8EF2427B9747E00B67C70 /* FollowedPostCell.swift */,
			);
			path = Profile;
			sourceTree = "<group>";
		};
		786321ED27BCC4D30026D410 /* Post */ = {
			isa = PBXGroup;
			children = (
				78080AFE27A835CF0043461C /* PostStep1Controller.swift */,
				789DABD327BCDB8200084742 /* PostStep2Controller.swift */,
			);
			path = Post;
			sourceTree = "<group>";
		};
		78A8EF1927B67F4F00B67C70 /* Review */ = {
			isa = PBXGroup;
			children = (
				78131F9427AEADF80003B9F8 /* ReviewsController.swift */,
				78A8EF1527B6575400B67C70 /* AddReviewController.swift */,
			);
			path = Review;
			sourceTree = "<group>";
		};
		78A8EF2A27BA78F300B67C70 /* Review */ = {
			isa = PBXGroup;
			children = (
				78131F9627AEAE150003B9F8 /* ReviewCell.swift */,
				78131FD527B3A46B0003B9F8 /* RatingView.swift */,
				78A8EF1727B6759D00B67C70 /* ReviewPhotoCell.swift */,
			);
			path = Review;
			sourceTree = "<group>";
		};
		F5CDC302377CE6D4959A56FA /* Frameworks */ = {
			isa = PBXGroup;
			children = (
				B8BA771D41A1C0A8D7041F44 /* Pods_withpet_iOS.framework */,
			);
			name = Frameworks;
			sourceTree = "<group>";
		};
/* End PBXGroup section */

/* Begin PBXNativeTarget section */
		78080AE227A831BF0043461C /* withpet_iOS */ = {
			isa = PBXNativeTarget;
			buildConfigurationList = 78080AF727A831C20043461C /* Build configuration list for PBXNativeTarget "withpet_iOS" */;
			buildPhases = (
				E11F774CA2FC3B9A52CA4E6D /* [CP] Check Pods Manifest.lock */,
				78080ADF27A831BF0043461C /* Sources */,
				78080AE027A831BF0043461C /* Frameworks */,
				78080AE127A831BF0043461C /* Resources */,
				C166555B969082F4339B4E91 /* [CP] Embed Pods Frameworks */,
			);
			buildRules = (
			);
			dependencies = (
			);
			name = withpet_iOS;
			productName = withpet_iOS;
			productReference = 78080AE327A831BF0043461C /* withpet_iOS.app */;
			productType = "com.apple.product-type.application";
		};
/* End PBXNativeTarget section */

/* Begin PBXProject section */
		78080ADB27A831BF0043461C /* Project object */ = {
			isa = PBXProject;
			attributes = {
				BuildIndependentTargetsInParallel = 1;
				LastSwiftUpdateCheck = 1320;
				LastUpgradeCheck = 1320;
				TargetAttributes = {
					78080AE227A831BF0043461C = {
						CreatedOnToolsVersion = 13.2.1;
					};
				};
			};
			buildConfigurationList = 78080ADE27A831BF0043461C /* Build configuration list for PBXProject "withpet_iOS" */;
			compatibilityVersion = "Xcode 13.0";
			developmentRegion = en;
			hasScannedForEncodings = 0;
			knownRegions = (
				en,
				Base,
			);
			mainGroup = 78080ADA27A831BF0043461C;
			productRefGroup = 78080AE427A831BF0043461C /* Products */;
			projectDirPath = "";
			projectRoot = "";
			targets = (
				78080AE227A831BF0043461C /* withpet_iOS */,
			);
		};
/* End PBXProject section */

/* Begin PBXResourcesBuildPhase section */
		78080AE127A831BF0043461C /* Resources */ = {
			isa = PBXResourcesBuildPhase;
			buildActionMask = 2147483647;
			files = (
				78080AF327A831C20043461C /* LaunchScreen.storyboard in Resources */,
				78080AF027A831C20043461C /* Assets.xcassets in Resources */,
			);
			runOnlyForDeploymentPostprocessing = 0;
		};
/* End PBXResourcesBuildPhase section */

/* Begin PBXShellScriptBuildPhase section */
		C166555B969082F4339B4E91 /* [CP] Embed Pods Frameworks */ = {
			isa = PBXShellScriptBuildPhase;
			buildActionMask = 2147483647;
			files = (
			);
			inputFileListPaths = (
				"${PODS_ROOT}/Target Support Files/Pods-withpet_iOS/Pods-withpet_iOS-frameworks-${CONFIGURATION}-input-files.xcfilelist",
			);
			name = "[CP] Embed Pods Frameworks";
			outputFileListPaths = (
				"${PODS_ROOT}/Target Support Files/Pods-withpet_iOS/Pods-withpet_iOS-frameworks-${CONFIGURATION}-output-files.xcfilelist",
			);
			runOnlyForDeploymentPostprocessing = 0;
			shellPath = /bin/sh;
			shellScript = "\"${PODS_ROOT}/Target Support Files/Pods-withpet_iOS/Pods-withpet_iOS-frameworks.sh\"\n";
			showEnvVarsInLog = 0;
		};
		E11F774CA2FC3B9A52CA4E6D /* [CP] Check Pods Manifest.lock */ = {
			isa = PBXShellScriptBuildPhase;
			buildActionMask = 2147483647;
			files = (
			);
			inputFileListPaths = (
			);
			inputPaths = (
				"${PODS_PODFILE_DIR_PATH}/Podfile.lock",
				"${PODS_ROOT}/Manifest.lock",
			);
			name = "[CP] Check Pods Manifest.lock";
			outputFileListPaths = (
			);
			outputPaths = (
				"$(DERIVED_FILE_DIR)/Pods-withpet_iOS-checkManifestLockResult.txt",
			);
			runOnlyForDeploymentPostprocessing = 0;
			shellPath = /bin/sh;
			shellScript = "diff \"${PODS_PODFILE_DIR_PATH}/Podfile.lock\" \"${PODS_ROOT}/Manifest.lock\" > /dev/null\nif [ $? != 0 ] ; then\n    # print error to STDERR\n    echo \"error: The sandbox is not in sync with the Podfile.lock. Run 'pod install' or update your CocoaPods installation.\" >&2\n    exit 1\nfi\n# This output is used by Xcode 'outputs' to avoid re-running this script phase.\necho \"SUCCESS\" > \"${SCRIPT_OUTPUT_FILE_0}\"\n";
			showEnvVarsInLog = 0;
		};
/* End PBXShellScriptBuildPhase section */

/* Begin PBXSourcesBuildPhase section */
		78080ADF27A831BF0043461C /* Sources */ = {
			isa = PBXSourcesBuildPhase;
			buildActionMask = 2147483647;
			files = (
				789DABD427BCDB8200084742 /* PostStep2Controller.swift in Sources */,
				789DABD227BCD6A400084742 /* PostFeedCell.swift in Sources */,
				78080AFF27A835CF0043461C /* PostStep1Controller.swift in Sources */,
				78131F9927AF9D320003B9F8 /* EditPetProfileController.swift in Sources */,
				78131F5E27ABFB990003B9F8 /* ProfileListCell.swift in Sources */,
				78A8EF1627B6575400B67C70 /* AddReviewController.swift in Sources */,
				786321EF27BCC55C0026D410 /* SteppedProgressBar.swift in Sources */,
				78131FD627B3A46B0003B9F8 /* RatingView.swift in Sources */,
				78131F6627AC39A40003B9F8 /* CertificationCell.swift in Sources */,
				78131FD427B2911C0003B9F8 /* OnwerProfileFooter.swift in Sources */,
				78A8EF1D27B7E2D600B67C70 /* MyPetsController.swift in Sources */,
				78080AFD27A835BE0043461C /* ReservationController.swift in Sources */,
				78080AEB27A831BF0043461C /* MainTapController.swift in Sources */,
				78080B0127A835DC0043461C /* ChatController.swift in Sources */,
				78A8EF2327B95D1700B67C70 /* FollowedCareCell.swift in Sources */,
				78131F9F27B0E8980003B9F8 /* OwnerProfileHeader.swift in Sources */,
				78080B0B27AA7F690043461C /* FilterController.swift in Sources */,
				78131F9D27AFB83F0003B9F8 /* LoginController.swift in Sources */,
				78131F6127AC248C0003B9F8 /* OwnerProfileController.swift in Sources */,
				78080AE727A831BF0043461C /* AppDelegate.swift in Sources */,
				78A8EF2527B9747E00B67C70 /* FollowedPostCell.swift in Sources */,
				78A8EF2727BA160A00B67C70 /* FollowedPostsController.swift in Sources */,
				78A8EF2127B95CEF00B67C70 /* FollowedCaresController.swift in Sources */,
				78131F8A27AD22320003B9F8 /* Utilities.swift in Sources */,
				78131F9727AEAE150003B9F8 /* ReviewCell.swift in Sources */,
				78131F6427AC25F60003B9F8 /* Extensions.swift in Sources */,
				78131F9127AE49540003B9F8 /* EditOwnerProfileController.swift in Sources */,
				78A8EF1B27B6A72300B67C70 /* RegisterController.swift in Sources */,
				78131F8827AD1B820003B9F8 /* AddCertificationController.swift in Sources */,
				78080AFB27A835A40043461C /* FeedController.swift in Sources */,
				78131FD827B4F7ED0003B9F8 /* EditOwnerProfileHeader.swift in Sources */,
				78A8EF1F27B7E30A00B67C70 /* MyPetCell.swift in Sources */,
				78080B0327A835E50043461C /* ProfileListController.swift in Sources */,
				78131F8D27AD6E820003B9F8 /* PetProfileController.swift in Sources */,
				78080B0627AA61560043461C /* SearchController.swift in Sources */,
				78080AE927A831BF0043461C /* SceneDelegate.swift in Sources */,
				78A8EF1827B6759D00B67C70 /* ReviewPhotoCell.swift in Sources */,
				78131F9527AEADF80003B9F8 /* ReviewsController.swift in Sources */,
			);
			runOnlyForDeploymentPostprocessing = 0;
		};
/* End PBXSourcesBuildPhase section */

/* Begin PBXVariantGroup section */
		78080AF127A831C20043461C /* LaunchScreen.storyboard */ = {
			isa = PBXVariantGroup;
			children = (
				78080AF227A831C20043461C /* Base */,
			);
			name = LaunchScreen.storyboard;
			sourceTree = "<group>";
		};
/* End PBXVariantGroup section */

/* Begin XCBuildConfiguration section */
		78080AF527A831C20043461C /* Debug */ = {
			isa = XCBuildConfiguration;
			buildSettings = {
				ALWAYS_SEARCH_USER_PATHS = NO;
				CLANG_ANALYZER_NONNULL = YES;
				CLANG_ANALYZER_NUMBER_OBJECT_CONVERSION = YES_AGGRESSIVE;
				CLANG_CXX_LANGUAGE_STANDARD = "gnu++17";
				CLANG_CXX_LIBRARY = "libc++";
				CLANG_ENABLE_MODULES = YES;
				CLANG_ENABLE_OBJC_ARC = YES;
				CLANG_ENABLE_OBJC_WEAK = YES;
				CLANG_WARN_BLOCK_CAPTURE_AUTORELEASING = YES;
				CLANG_WARN_BOOL_CONVERSION = YES;
				CLANG_WARN_COMMA = YES;
				CLANG_WARN_CONSTANT_CONVERSION = YES;
				CLANG_WARN_DEPRECATED_OBJC_IMPLEMENTATIONS = YES;
				CLANG_WARN_DIRECT_OBJC_ISA_USAGE = YES_ERROR;
				CLANG_WARN_DOCUMENTATION_COMMENTS = YES;
				CLANG_WARN_EMPTY_BODY = YES;
				CLANG_WARN_ENUM_CONVERSION = YES;
				CLANG_WARN_INFINITE_RECURSION = YES;
				CLANG_WARN_INT_CONVERSION = YES;
				CLANG_WARN_NON_LITERAL_NULL_CONVERSION = YES;
				CLANG_WARN_OBJC_IMPLICIT_RETAIN_SELF = YES;
				CLANG_WARN_OBJC_LITERAL_CONVERSION = YES;
				CLANG_WARN_OBJC_ROOT_CLASS = YES_ERROR;
				CLANG_WARN_QUOTED_INCLUDE_IN_FRAMEWORK_HEADER = YES;
				CLANG_WARN_RANGE_LOOP_ANALYSIS = YES;
				CLANG_WARN_STRICT_PROTOTYPES = YES;
				CLANG_WARN_SUSPICIOUS_MOVE = YES;
				CLANG_WARN_UNGUARDED_AVAILABILITY = YES_AGGRESSIVE;
				CLANG_WARN_UNREACHABLE_CODE = YES;
				CLANG_WARN__DUPLICATE_METHOD_MATCH = YES;
				COPY_PHASE_STRIP = NO;
				DEBUG_INFORMATION_FORMAT = dwarf;
				ENABLE_STRICT_OBJC_MSGSEND = YES;
				ENABLE_TESTABILITY = YES;
				GCC_C_LANGUAGE_STANDARD = gnu11;
				GCC_DYNAMIC_NO_PIC = NO;
				GCC_NO_COMMON_BLOCKS = YES;
				GCC_OPTIMIZATION_LEVEL = 0;
				GCC_PREPROCESSOR_DEFINITIONS = (
					"DEBUG=1",
					"$(inherited)",
				);
				GCC_WARN_64_TO_32_BIT_CONVERSION = YES;
				GCC_WARN_ABOUT_RETURN_TYPE = YES_ERROR;
				GCC_WARN_UNDECLARED_SELECTOR = YES;
				GCC_WARN_UNINITIALIZED_AUTOS = YES_AGGRESSIVE;
				GCC_WARN_UNUSED_FUNCTION = YES;
				GCC_WARN_UNUSED_VARIABLE = YES;
				IPHONEOS_DEPLOYMENT_TARGET = 15.2;
				MTL_ENABLE_DEBUG_INFO = INCLUDE_SOURCE;
				MTL_FAST_MATH = YES;
				ONLY_ACTIVE_ARCH = YES;
				SDKROOT = iphoneos;
				SWIFT_ACTIVE_COMPILATION_CONDITIONS = DEBUG;
				SWIFT_OPTIMIZATION_LEVEL = "-Onone";
			};
			name = Debug;
		};
		78080AF627A831C20043461C /* Release */ = {
			isa = XCBuildConfiguration;
			buildSettings = {
				ALWAYS_SEARCH_USER_PATHS = NO;
				CLANG_ANALYZER_NONNULL = YES;
				CLANG_ANALYZER_NUMBER_OBJECT_CONVERSION = YES_AGGRESSIVE;
				CLANG_CXX_LANGUAGE_STANDARD = "gnu++17";
				CLANG_CXX_LIBRARY = "libc++";
				CLANG_ENABLE_MODULES = YES;
				CLANG_ENABLE_OBJC_ARC = YES;
				CLANG_ENABLE_OBJC_WEAK = YES;
				CLANG_WARN_BLOCK_CAPTURE_AUTORELEASING = YES;
				CLANG_WARN_BOOL_CONVERSION = YES;
				CLANG_WARN_COMMA = YES;
				CLANG_WARN_CONSTANT_CONVERSION = YES;
				CLANG_WARN_DEPRECATED_OBJC_IMPLEMENTATIONS = YES;
				CLANG_WARN_DIRECT_OBJC_ISA_USAGE = YES_ERROR;
				CLANG_WARN_DOCUMENTATION_COMMENTS = YES;
				CLANG_WARN_EMPTY_BODY = YES;
				CLANG_WARN_ENUM_CONVERSION = YES;
				CLANG_WARN_INFINITE_RECURSION = YES;
				CLANG_WARN_INT_CONVERSION = YES;
				CLANG_WARN_NON_LITERAL_NULL_CONVERSION = YES;
				CLANG_WARN_OBJC_IMPLICIT_RETAIN_SELF = YES;
				CLANG_WARN_OBJC_LITERAL_CONVERSION = YES;
				CLANG_WARN_OBJC_ROOT_CLASS = YES_ERROR;
				CLANG_WARN_QUOTED_INCLUDE_IN_FRAMEWORK_HEADER = YES;
				CLANG_WARN_RANGE_LOOP_ANALYSIS = YES;
				CLANG_WARN_STRICT_PROTOTYPES = YES;
				CLANG_WARN_SUSPICIOUS_MOVE = YES;
				CLANG_WARN_UNGUARDED_AVAILABILITY = YES_AGGRESSIVE;
				CLANG_WARN_UNREACHABLE_CODE = YES;
				CLANG_WARN__DUPLICATE_METHOD_MATCH = YES;
				COPY_PHASE_STRIP = NO;
				DEBUG_INFORMATION_FORMAT = "dwarf-with-dsym";
				ENABLE_NS_ASSERTIONS = NO;
				ENABLE_STRICT_OBJC_MSGSEND = YES;
				GCC_C_LANGUAGE_STANDARD = gnu11;
				GCC_NO_COMMON_BLOCKS = YES;
				GCC_WARN_64_TO_32_BIT_CONVERSION = YES;
				GCC_WARN_ABOUT_RETURN_TYPE = YES_ERROR;
				GCC_WARN_UNDECLARED_SELECTOR = YES;
				GCC_WARN_UNINITIALIZED_AUTOS = YES_AGGRESSIVE;
				GCC_WARN_UNUSED_FUNCTION = YES;
				GCC_WARN_UNUSED_VARIABLE = YES;
				IPHONEOS_DEPLOYMENT_TARGET = 15.2;
				MTL_ENABLE_DEBUG_INFO = NO;
				MTL_FAST_MATH = YES;
				SDKROOT = iphoneos;
				SWIFT_COMPILATION_MODE = wholemodule;
				SWIFT_OPTIMIZATION_LEVEL = "-O";
				VALIDATE_PRODUCT = YES;
			};
			name = Release;
		};
		78080AF827A831C20043461C /* Debug */ = {
			isa = XCBuildConfiguration;
			baseConfigurationReference = 098C467463A208CD2D8C99E8 /* Pods-withpet_iOS.debug.xcconfig */;
			buildSettings = {
				ASSETCATALOG_COMPILER_APPICON_NAME = AppIcon;
				ASSETCATALOG_COMPILER_GLOBAL_ACCENT_COLOR_NAME = AccentColor;
				CODE_SIGN_STYLE = Automatic;
				CURRENT_PROJECT_VERSION = 1;
				DEVELOPMENT_TEAM = 9R39BMBYFW;
				GENERATE_INFOPLIST_FILE = YES;
				INFOPLIST_FILE = withpet_iOS/Info.plist;
				INFOPLIST_KEY_UIApplicationSupportsIndirectInputEvents = YES;
				INFOPLIST_KEY_UILaunchStoryboardName = LaunchScreen;
				INFOPLIST_KEY_UIMainStoryboardFile = "";
				INFOPLIST_KEY_UISupportedInterfaceOrientations_iPad = "UIInterfaceOrientationPortrait UIInterfaceOrientationPortraitUpsideDown UIInterfaceOrientationLandscapeLeft UIInterfaceOrientationLandscapeRight";
				INFOPLIST_KEY_UISupportedInterfaceOrientations_iPhone = "UIInterfaceOrientationPortrait UIInterfaceOrientationLandscapeLeft UIInterfaceOrientationLandscapeRight";
				LD_RUNPATH_SEARCH_PATHS = (
					"$(inherited)",
					"@executable_path/Frameworks",
				);
				MARKETING_VERSION = 1.0;
				PRODUCT_BUNDLE_IDENTIFIER = "com.doyun.withpet-iOS";
				PRODUCT_NAME = "$(TARGET_NAME)";
				SWIFT_EMIT_LOC_STRINGS = YES;
				SWIFT_VERSION = 5.0;
				TARGETED_DEVICE_FAMILY = "1,2";
			};
			name = Debug;
		};
		78080AF927A831C20043461C /* Release */ = {
			isa = XCBuildConfiguration;
			baseConfigurationReference = B999708DD4F9F15E78E5B7B3 /* Pods-withpet_iOS.release.xcconfig */;
			buildSettings = {
				ASSETCATALOG_COMPILER_APPICON_NAME = AppIcon;
				ASSETCATALOG_COMPILER_GLOBAL_ACCENT_COLOR_NAME = AccentColor;
				CODE_SIGN_STYLE = Automatic;
				CURRENT_PROJECT_VERSION = 1;
				DEVELOPMENT_TEAM = 9R39BMBYFW;
				GENERATE_INFOPLIST_FILE = YES;
				INFOPLIST_FILE = withpet_iOS/Info.plist;
				INFOPLIST_KEY_UIApplicationSupportsIndirectInputEvents = YES;
				INFOPLIST_KEY_UILaunchStoryboardName = LaunchScreen;
				INFOPLIST_KEY_UIMainStoryboardFile = "";
				INFOPLIST_KEY_UISupportedInterfaceOrientations_iPad = "UIInterfaceOrientationPortrait UIInterfaceOrientationPortraitUpsideDown UIInterfaceOrientationLandscapeLeft UIInterfaceOrientationLandscapeRight";
				INFOPLIST_KEY_UISupportedInterfaceOrientations_iPhone = "UIInterfaceOrientationPortrait UIInterfaceOrientationLandscapeLeft UIInterfaceOrientationLandscapeRight";
				LD_RUNPATH_SEARCH_PATHS = (
					"$(inherited)",
					"@executable_path/Frameworks",
				);
				MARKETING_VERSION = 1.0;
				PRODUCT_BUNDLE_IDENTIFIER = "com.doyun.withpet-iOS";
				PRODUCT_NAME = "$(TARGET_NAME)";
				SWIFT_EMIT_LOC_STRINGS = YES;
				SWIFT_VERSION = 5.0;
				TARGETED_DEVICE_FAMILY = "1,2";
			};
			name = Release;
		};
/* End XCBuildConfiguration section */

/* Begin XCConfigurationList section */
		78080ADE27A831BF0043461C /* Build configuration list for PBXProject "withpet_iOS" */ = {
			isa = XCConfigurationList;
			buildConfigurations = (
				78080AF527A831C20043461C /* Debug */,
				78080AF627A831C20043461C /* Release */,
			);
			defaultConfigurationIsVisible = 0;
			defaultConfigurationName = Release;
		};
		78080AF727A831C20043461C /* Build configuration list for PBXNativeTarget "withpet_iOS" */ = {
			isa = XCConfigurationList;
			buildConfigurations = (
				78080AF827A831C20043461C /* Debug */,
				78080AF927A831C20043461C /* Release */,
			);
			defaultConfigurationIsVisible = 0;
			defaultConfigurationName = Release;
		};
/* End XCConfigurationList section */
	};
	rootObject = 78080ADB27A831BF0043461C /* Project object */;
}
